
Microsoft Visual Studio Solution File, Format Version 12.00
# Visual Studio Version 17
VisualStudioVersion = 17.7.34031.279
MinimumVisualStudioVersion = 10.0.40219.1
Project("{FAE04EC0-301F-11D3-BF4B-00C04F79EFBC}") = "Cooking.API", "Cooking.API\Cooking.API.csproj", "{21660D42-951C-4CB1-97C5-A0F3CF495D42}"
EndProject
Global
	GlobalSection(SolutionConfigurationPlatforms) = preSolution
		Debug|Any CPU = Debug|Any CPU
		Release|Any CPU = Release|Any CPU
	EndGlobalSection
	GlobalSection(ProjectConfigurationPlatforms) = postSolution
		{21660D42-951C-4CB1-97C5-A0F3CF495D42}.Debug|Any CPU.ActiveCfg = Debug|Any CPU
		{21660D42-951C-4CB1-97C5-A0F3CF495D42}.Debug|Any CPU.Build.0 = Debug|Any CPU
		{21660D42-951C-4CB1-97C5-A0F3CF495D42}.Release|Any CPU.ActiveCfg = Release|Any CPU
		{21660D42-951C-4CB1-97C5-A0F3CF495D42}.Release|Any CPU.Build.0 = Release|Any CPU
	EndGlobalSection
	GlobalSection(SolutionProperties) = preSolution
		HideSolutionNode = FALSE
	EndGlobalSection
	GlobalSection(ExtensibilityGlobals) = postSolution
		SolutionGuid = {542A42A9-D2D9-43FD-92D7-870B55C4A516}
	EndGlobalSection
EndGlobal
